{
  "version": 4,
  "terraform_version": "1.0.11",
  "serial": 48,
  "lineage": "ef3e4534-4b28-4e2d-b1dc-7a7a1e3818a3",
  "outputs": {
    "api_endpoint": {
      "value": "https://wj3oxisc4f.execute-api.ap-south-1.amazonaws.com/",
      "type": "string"
    }
  },
  "resources": [
    {
      "mode": "data",
      "type": "archive_file",
      "name": "lambda_package",
      "provider": "provider[\"registry.terraform.io/hashicorp/archive\"]",
      "instances": [
        {
          "schema_version": 0,
          "attributes": {
            "excludes": null,
            "id": "758dddc749f4f5c3624c79f7f157814219e00ce5",
            "output_base64sha256": "TvmojKtMT7qQhOvsEo523Clg2hSP6H9cu2rJcw/9ZEs=",
            "output_file_mode": null,
            "output_md5": "573d5fd798113370b02d79157793750f",
            "output_path": "index.zip",
            "output_sha": "758dddc749f4f5c3624c79f7f157814219e00ce5",
            "output_size": 356,
            "source": [],
            "source_content": null,
            "source_content_filename": null,
            "source_dir": null,
            "source_file": "index.js",
            "type": "zip"
          },
          "sensitive_attributes": []
        }
      ]
    },
    {
      "mode": "data",
      "type": "aws_iam_policy_document",
      "name": "assume_role",
      "provider": "provider[\"registry.terraform.io/hashicorp/aws\"]",
      "instances": [
        {
          "schema_version": 0,
          "attributes": {
            "id": "2699642182",
            "json": "{\n  \"Version\": \"2012-10-17\",\n  \"Statement\": [\n    {\n      \"Effect\": \"Allow\",\n      \"Action\": \"sts:AssumeRole\",\n      \"Principal\": {\n        \"Service\": \"apigateway.amazonaws.com\"\n      }\n    }\n  ]\n}",
            "minified_json": "{\"Version\":\"2012-10-17\",\"Statement\":[{\"Effect\":\"Allow\",\"Action\":\"sts:AssumeRole\",\"Principal\":{\"Service\":\"apigateway.amazonaws.com\"}}]}",
            "override_json": null,
            "override_policy_documents": null,
            "policy_id": null,
            "source_json": null,
            "source_policy_documents": null,
            "statement": [
              {
                "actions": [
                  "sts:AssumeRole"
                ],
                "condition": [],
                "effect": "Allow",
                "not_actions": [],
                "not_principals": [],
                "not_resources": [],
                "principals": [
                  {
                    "identifiers": [
                      "apigateway.amazonaws.com"
                    ],
                    "type": "Service"
                  }
                ],
                "resources": [],
                "sid": ""
              }
            ],
            "version": "2012-10-17"
          },
          "sensitive_attributes": []
        }
      ]
    },
    {
      "mode": "data",
      "type": "aws_iam_policy_document",
      "name": "cloudwatch",
      "provider": "provider[\"registry.terraform.io/hashicorp/aws\"]",
      "instances": [
        {
          "schema_version": 0,
          "attributes": {
            "id": "1005217238",
            "json": "{\n  \"Version\": \"2012-10-17\",\n  \"Statement\": [\n    {\n      \"Effect\": \"Allow\",\n      \"Action\": [\n        \"logs:PutLogEvents\",\n        \"logs:GetLogEvents\",\n        \"logs:FilterLogEvents\",\n        \"logs:DescribeLogStreams\",\n        \"logs:DescribeLogGroups\",\n        \"logs:CreateLogStream\",\n        \"logs:CreateLogGroup\"\n      ],\n      \"Resource\": \"*\"\n    }\n  ]\n}",
            "minified_json": "{\"Version\":\"2012-10-17\",\"Statement\":[{\"Effect\":\"Allow\",\"Action\":[\"logs:PutLogEvents\",\"logs:GetLogEvents\",\"logs:FilterLogEvents\",\"logs:DescribeLogStreams\",\"logs:DescribeLogGroups\",\"logs:CreateLogStream\",\"logs:CreateLogGroup\"],\"Resource\":\"*\"}]}",
            "override_json": null,
            "override_policy_documents": null,
            "policy_id": null,
            "source_json": null,
            "source_policy_documents": null,
            "statement": [
              {
                "actions": [
                  "logs:CreateLogGroup",
                  "logs:CreateLogStream",
                  "logs:DescribeLogGroups",
                  "logs:DescribeLogStreams",
                  "logs:FilterLogEvents",
                  "logs:GetLogEvents",
                  "logs:PutLogEvents"
                ],
                "condition": [],
                "effect": "Allow",
                "not_actions": [],
                "not_principals": [],
                "not_resources": [],
                "principals": [],
                "resources": [
                  "*"
                ],
                "sid": ""
              }
            ],
            "version": "2012-10-17"
          },
          "sensitive_attributes": []
        }
      ]
    },
    {
      "mode": "managed",
      "type": "aws_api_gateway_account",
      "name": "ovation_api",
      "provider": "provider[\"registry.terraform.io/hashicorp/aws\"]",
      "instances": [
        {
          "schema_version": 0,
          "attributes": {
            "api_key_version": "4",
            "cloudwatch_role_arn": "arn:aws:iam::339100264099:role/api_gateway_cloudwatch_global",
            "features": [
              "UsagePlans"
            ],
            "id": "api-gateway-account",
            "throttle_settings": [
              {
                "burst_limit": 5000,
                "rate_limit": 10000
              }
            ]
          },
          "sensitive_attributes": [],
          "private": "bnVsbA==",
          "dependencies": [
            "aws_iam_role.cloudwatch",
            "data.aws_iam_policy_document.assume_role"
          ]
        }
      ]
    },
    {
      "mode": "managed",
      "type": "aws_api_gateway_api_key",
      "name": "usage_plan_key",
      "provider": "provider[\"registry.terraform.io/hashicorp/aws\"]",
      "instances": [
        {
          "schema_version": 0,
          "attributes": {
            "arn": "arn:aws:apigateway:ap-south-1::/apikeys/wqvjs06p0k",
            "created_date": "2024-09-08T17:19:51Z",
            "customer_id": "",
            "description": "Managed by Terraform",
            "enabled": true,
            "id": "wqvjs06p0k",
            "last_updated_date": "2024-09-08T17:19:51Z",
            "name": "usage_plan_key",
            "tags": null,
            "tags_all": {},
            "value": "MNCpOldh1s6mO3HHSmOv95tZ6R34lSXA6Tgkm8L1"
          },
          "sensitive_attributes": [],
          "private": "bnVsbA=="
        }
      ]
    },
    {
      "mode": "managed",
      "type": "aws_api_gateway_deployment",
      "name": "ovation_rest_api_deployment",
      "provider": "provider[\"registry.terraform.io/hashicorp/aws\"]",
      "instances": [
        {
          "schema_version": 0,
          "attributes": {
            "canary_settings": [],
            "created_date": "2024-09-08T17:20:06Z",
            "description": "",
            "execution_arn": "arn:aws:execute-api:ap-south-1:339100264099:wj3oxisc4f/",
            "id": "k0wvp5",
            "invoke_url": "https://wj3oxisc4f.execute-api.ap-south-1.amazonaws.com/",
            "rest_api_id": "wj3oxisc4f",
            "stage_description": null,
            "stage_name": null,
            "triggers": {
              "redeployment": "2be88ca4242c76e8253ac62474851065032d6833"
            },
            "variables": null
          },
          "sensitive_attributes": [],
          "private": "bnVsbA==",
          "dependencies": [
            "aws_api_gateway_integration.create_lambda_integration",
            "aws_api_gateway_integration.delete_lambda_integration",
            "aws_api_gateway_integration.read_lambda_integration",
            "aws_api_gateway_integration.update_lambda_integration",
            "aws_api_gateway_method.create_method",
            "aws_api_gateway_method.delete_method",
            "aws_api_gateway_method.read_method",
            "aws_api_gateway_method.update_method",
            "aws_api_gateway_resource.create_ovation_rest_api_root",
            "aws_api_gateway_resource.delete_ovation_rest_api_root",
            "aws_api_gateway_resource.read_ovation_rest_api_root",
            "aws_api_gateway_resource.update_ovation_rest_api_root",
            "aws_api_gateway_rest_api.ovation_rest_api",
            "aws_cloudwatch_log_group.lambda_logs",
            "aws_iam_role.lambda_role",
            "aws_lambda_function.create_lambda",
            "aws_lambda_function.delete_lambda",
            "aws_lambda_function.read_lambda",
            "aws_lambda_function.update_lambda",
            "aws_s3_bucket.lambda_bucket",
            "aws_s3_object.this",
            "data.archive_file.lambda_package",
            "random_string.random"
          ],
          "create_before_destroy": true
        }
      ]
    },
    {
      "mode": "managed",
      "type": "aws_api_gateway_integration",
      "name": "create_lambda_integration",
      "provider": "provider[\"registry.terraform.io/hashicorp/aws\"]",
      "instances": [
        {
          "schema_version": 0,
          "attributes": {
            "cache_key_parameters": null,
            "cache_namespace": "sh6pvj",
            "connection_id": "",
            "connection_type": "INTERNET",
            "content_handling": "",
            "credentials": "",
            "http_method": "GET",
            "id": "agi-wj3oxisc4f-sh6pvj-GET",
            "integration_http_method": "POST",
            "passthrough_behavior": "WHEN_NO_MATCH",
            "request_parameters": null,
            "request_templates": null,
            "resource_id": "sh6pvj",
            "rest_api_id": "wj3oxisc4f",
            "timeout_milliseconds": 29000,
            "tls_config": [],
            "type": "AWS",
            "uri": "arn:aws:apigateway:ap-south-1:lambda:path/2015-03-31/functions/arn:aws:lambda:ap-south-1:339100264099:function:CreateFunction/invocations"
          },
          "sensitive_attributes": [],
          "private": "bnVsbA==",
          "dependencies": [
            "aws_api_gateway_method.create_method",
            "aws_api_gateway_resource.create_ovation_rest_api_root",
            "aws_api_gateway_rest_api.ovation_rest_api",
            "aws_cloudwatch_log_group.lambda_logs",
            "aws_iam_role.lambda_role",
            "aws_lambda_function.create_lambda",
            "aws_s3_bucket.lambda_bucket",
            "aws_s3_object.this",
            "data.archive_file.lambda_package",
            "random_string.random"
          ],
          "create_before_destroy": true
        }
      ]
    },
    {
      "mode": "managed",
      "type": "aws_api_gateway_integration",
      "name": "delete_lambda_integration",
      "provider": "provider[\"registry.terraform.io/hashicorp/aws\"]",
      "instances": [
        {
          "schema_version": 0,
          "attributes": {
            "cache_key_parameters": null,
            "cache_namespace": "ldvogk",
            "connection_id": "",
            "connection_type": "INTERNET",
            "content_handling": "",
            "credentials": "",
            "http_method": "GET",
            "id": "agi-wj3oxisc4f-ldvogk-GET",
            "integration_http_method": "POST",
            "passthrough_behavior": "WHEN_NO_MATCH",
            "request_parameters": null,
            "request_templates": null,
            "resource_id": "ldvogk",
            "rest_api_id": "wj3oxisc4f",
            "timeout_milliseconds": 29000,
            "tls_config": [],
            "type": "AWS",
            "uri": "arn:aws:apigateway:ap-south-1:lambda:path/2015-03-31/functions/arn:aws:lambda:ap-south-1:339100264099:function:DeleteFunction/invocations"
          },
          "sensitive_attributes": [],
          "private": "bnVsbA==",
          "dependencies": [
            "aws_api_gateway_method.delete_method",
            "aws_api_gateway_resource.delete_ovation_rest_api_root",
            "aws_api_gateway_rest_api.ovation_rest_api",
            "aws_cloudwatch_log_group.lambda_logs",
            "aws_iam_role.lambda_role",
            "aws_lambda_function.delete_lambda",
            "aws_s3_bucket.lambda_bucket",
            "aws_s3_object.this",
            "data.archive_file.lambda_package",
            "random_string.random"
          ],
          "create_before_destroy": true
        }
      ]
    },
    {
      "mode": "managed",
      "type": "aws_api_gateway_integration",
      "name": "read_lambda_integration",
      "provider": "provider[\"registry.terraform.io/hashicorp/aws\"]",
      "instances": [
        {
          "schema_version": 0,
          "attributes": {
            "cache_key_parameters": null,
            "cache_namespace": "t7qis3",
            "connection_id": "",
            "connection_type": "INTERNET",
            "content_handling": "",
            "credentials": "",
            "http_method": "GET",
            "id": "agi-wj3oxisc4f-t7qis3-GET",
            "integration_http_method": "POST",
            "passthrough_behavior": "WHEN_NO_MATCH",
            "request_parameters": null,
            "request_templates": null,
            "resource_id": "t7qis3",
            "rest_api_id": "wj3oxisc4f",
            "timeout_milliseconds": 29000,
            "tls_config": [],
            "type": "AWS",
            "uri": "arn:aws:apigateway:ap-south-1:lambda:path/2015-03-31/functions/arn:aws:lambda:ap-south-1:339100264099:function:ReadFunction/invocations"
          },
          "sensitive_attributes": [],
          "private": "bnVsbA==",
          "dependencies": [
            "aws_api_gateway_method.read_method",
            "aws_api_gateway_resource.read_ovation_rest_api_root",
            "aws_api_gateway_rest_api.ovation_rest_api",
            "aws_cloudwatch_log_group.lambda_logs",
            "aws_iam_role.lambda_role",
            "aws_lambda_function.read_lambda",
            "aws_s3_bucket.lambda_bucket",
            "aws_s3_object.this",
            "data.archive_file.lambda_package",
            "random_string.random"
          ],
          "create_before_destroy": true
        }
      ]
    },
    {
      "mode": "managed",
      "type": "aws_api_gateway_integration",
      "name": "update_lambda_integration",
      "provider": "provider[\"registry.terraform.io/hashicorp/aws\"]",
      "instances": [
        {
          "schema_version": 0,
          "attributes": {
            "cache_key_parameters": null,
            "cache_namespace": "8ix1fw",
            "connection_id": "",
            "connection_type": "INTERNET",
            "content_handling": "",
            "credentials": "",
            "http_method": "GET",
            "id": "agi-wj3oxisc4f-8ix1fw-GET",
            "integration_http_method": "POST",
            "passthrough_behavior": "WHEN_NO_MATCH",
            "request_parameters": null,
            "request_templates": null,
            "resource_id": "8ix1fw",
            "rest_api_id": "wj3oxisc4f",
            "timeout_milliseconds": 29000,
            "tls_config": [],
            "type": "AWS",
            "uri": "arn:aws:apigateway:ap-south-1:lambda:path/2015-03-31/functions/arn:aws:lambda:ap-south-1:339100264099:function:UpdateFunction/invocations"
          },
          "sensitive_attributes": [],
          "private": "bnVsbA==",
          "dependencies": [
            "aws_api_gateway_method.update_method",
            "aws_api_gateway_resource.update_ovation_rest_api_root",
            "aws_api_gateway_rest_api.ovation_rest_api",
            "aws_cloudwatch_log_group.lambda_logs",
            "aws_iam_role.lambda_role",
            "aws_lambda_function.update_lambda",
            "aws_s3_bucket.lambda_bucket",
            "aws_s3_object.this",
            "data.archive_file.lambda_package",
            "random_string.random"
          ],
          "create_before_destroy": true
        }
      ]
    },
    {
      "mode": "managed",
      "type": "aws_api_gateway_integration_response",
      "name": "create_lambda_integration_response",
      "provider": "provider[\"registry.terraform.io/hashicorp/aws\"]",
      "instances": [
        {
          "schema_version": 0,
          "attributes": {
            "content_handling": "",
            "http_method": "GET",
            "id": "agir-wj3oxisc4f-sh6pvj-GET-200",
            "resource_id": "sh6pvj",
            "response_parameters": null,
            "response_templates": {
              "application/json": ""
            },
            "rest_api_id": "wj3oxisc4f",
            "selection_pattern": "",
            "status_code": "200"
          },
          "sensitive_attributes": [],
          "private": "bnVsbA==",
          "dependencies": [
            "aws_api_gateway_integration.create_lambda_integration",
            "aws_api_gateway_method.create_method",
            "aws_api_gateway_method_response.create_method_response",
            "aws_api_gateway_resource.create_ovation_rest_api_root",
            "aws_api_gateway_rest_api.ovation_rest_api",
            "aws_cloudwatch_log_group.lambda_logs",
            "aws_iam_role.lambda_role",
            "aws_lambda_function.create_lambda",
            "aws_s3_bucket.lambda_bucket",
            "aws_s3_object.this",
            "data.archive_file.lambda_package",
            "random_string.random"
          ]
        }
      ]
    },
    {
      "mode": "managed",
      "type": "aws_api_gateway_integration_response",
      "name": "delete_lambda_integration_response",
      "provider": "provider[\"registry.terraform.io/hashicorp/aws\"]",
      "instances": [
        {
          "schema_version": 0,
          "attributes": {
            "content_handling": "",
            "http_method": "GET",
            "id": "agir-wj3oxisc4f-ldvogk-GET-200",
            "resource_id": "ldvogk",
            "response_parameters": null,
            "response_templates": {
              "application/json": ""
            },
            "rest_api_id": "wj3oxisc4f",
            "selection_pattern": "",
            "status_code": "200"
          },
          "sensitive_attributes": [],
          "private": "bnVsbA==",
          "dependencies": [
            "aws_api_gateway_integration.delete_lambda_integration",
            "aws_api_gateway_method.delete_method",
            "aws_api_gateway_method_response.delete_method_response",
            "aws_api_gateway_resource.delete_ovation_rest_api_root",
            "aws_api_gateway_rest_api.ovation_rest_api",
            "aws_cloudwatch_log_group.lambda_logs",
            "aws_iam_role.lambda_role",
            "aws_lambda_function.delete_lambda",
            "aws_s3_bucket.lambda_bucket",
            "aws_s3_object.this",
            "data.archive_file.lambda_package",
            "random_string.random"
          ]
        }
      ]
    },
    {
      "mode": "managed",
      "type": "aws_api_gateway_integration_response",
      "name": "read_lambda_integration_response",
      "provider": "provider[\"registry.terraform.io/hashicorp/aws\"]",
      "instances": [
        {
          "schema_version": 0,
          "attributes": {
            "content_handling": "",
            "http_method": "GET",
            "id": "agir-wj3oxisc4f-t7qis3-GET-200",
            "resource_id": "t7qis3",
            "response_parameters": null,
            "response_templates": {
              "application/json": ""
            },
            "rest_api_id": "wj3oxisc4f",
            "selection_pattern": "",
            "status_code": "200"
          },
          "sensitive_attributes": [],
          "private": "bnVsbA==",
          "dependencies": [
            "aws_api_gateway_integration.read_lambda_integration",
            "aws_api_gateway_method.read_method",
            "aws_api_gateway_method_response.read_method_response",
            "aws_api_gateway_resource.read_ovation_rest_api_root",
            "aws_api_gateway_rest_api.ovation_rest_api",
            "aws_cloudwatch_log_group.lambda_logs",
            "aws_iam_role.lambda_role",
            "aws_lambda_function.read_lambda",
            "aws_s3_bucket.lambda_bucket",
            "aws_s3_object.this",
            "data.archive_file.lambda_package",
            "random_string.random"
          ]
        }
      ]
    },
    {
      "mode": "managed",
      "type": "aws_api_gateway_integration_response",
      "name": "update_lambda_integration_response",
      "provider": "provider[\"registry.terraform.io/hashicorp/aws\"]",
      "instances": [
        {
          "schema_version": 0,
          "attributes": {
            "content_handling": "",
            "http_method": "GET",
            "id": "agir-wj3oxisc4f-8ix1fw-GET-200",
            "resource_id": "8ix1fw",
            "response_parameters": null,
            "response_templates": {
              "application/json": ""
            },
            "rest_api_id": "wj3oxisc4f",
            "selection_pattern": "",
            "status_code": "200"
          },
          "sensitive_attributes": [],
          "private": "bnVsbA==",
          "dependencies": [
            "aws_api_gateway_integration.update_lambda_integration",
            "aws_api_gateway_method.update_method",
            "aws_api_gateway_method_response.update_method_response",
            "aws_api_gateway_resource.update_ovation_rest_api_root",
            "aws_api_gateway_rest_api.ovation_rest_api",
            "aws_cloudwatch_log_group.lambda_logs",
            "aws_iam_role.lambda_role",
            "aws_lambda_function.update_lambda",
            "aws_s3_bucket.lambda_bucket",
            "aws_s3_object.this",
            "data.archive_file.lambda_package",
            "random_string.random"
          ]
        }
      ]
    },
    {
      "mode": "managed",
      "type": "aws_api_gateway_method",
      "name": "create_method",
      "provider": "provider[\"registry.terraform.io/hashicorp/aws\"]",
      "instances": [
        {
          "schema_version": 0,
          "attributes": {
            "api_key_required": false,
            "authorization": "NONE",
            "authorization_scopes": null,
            "authorizer_id": null,
            "http_method": "GET",
            "id": "agm-wj3oxisc4f-sh6pvj-GET",
            "operation_name": null,
            "request_models": null,
            "request_parameters": null,
            "request_validator_id": null,
            "resource_id": "sh6pvj",
            "rest_api_id": "wj3oxisc4f"
          },
          "sensitive_attributes": [],
          "private": "bnVsbA==",
          "dependencies": [
            "aws_api_gateway_resource.create_ovation_rest_api_root",
            "aws_api_gateway_rest_api.ovation_rest_api"
          ],
          "create_before_destroy": true
        }
      ]
    },
    {
      "mode": "managed",
      "type": "aws_api_gateway_method",
      "name": "delete_method",
      "provider": "provider[\"registry.terraform.io/hashicorp/aws\"]",
      "instances": [
        {
          "schema_version": 0,
          "attributes": {
            "api_key_required": false,
            "authorization": "NONE",
            "authorization_scopes": null,
            "authorizer_id": null,
            "http_method": "GET",
            "id": "agm-wj3oxisc4f-ldvogk-GET",
            "operation_name": null,
            "request_models": null,
            "request_parameters": null,
            "request_validator_id": null,
            "resource_id": "ldvogk",
            "rest_api_id": "wj3oxisc4f"
          },
          "sensitive_attributes": [],
          "private": "bnVsbA==",
          "dependencies": [
            "aws_api_gateway_resource.delete_ovation_rest_api_root",
            "aws_api_gateway_rest_api.ovation_rest_api"
          ],
          "create_before_destroy": true
        }
      ]
    },
    {
      "mode": "managed",
      "type": "aws_api_gateway_method",
      "name": "read_method",
      "provider": "provider[\"registry.terraform.io/hashicorp/aws\"]",
      "instances": [
        {
          "schema_version": 0,
          "attributes": {
            "api_key_required": false,
            "authorization": "NONE",
            "authorization_scopes": null,
            "authorizer_id": null,
            "http_method": "GET",
            "id": "agm-wj3oxisc4f-t7qis3-GET",
            "operation_name": null,
            "request_models": null,
            "request_parameters": null,
            "request_validator_id": null,
            "resource_id": "t7qis3",
            "rest_api_id": "wj3oxisc4f"
          },
          "sensitive_attributes": [],
          "private": "bnVsbA==",
          "dependencies": [
            "aws_api_gateway_resource.read_ovation_rest_api_root",
            "aws_api_gateway_rest_api.ovation_rest_api"
          ],
          "create_before_destroy": true
        }
      ]
    },
    {
      "mode": "managed",
      "type": "aws_api_gateway_method",
      "name": "update_method",
      "provider": "provider[\"registry.terraform.io/hashicorp/aws\"]",
      "instances": [
        {
          "schema_version": 0,
          "attributes": {
            "api_key_required": false,
            "authorization": "NONE",
            "authorization_scopes": null,
            "authorizer_id": null,
            "http_method": "GET",
            "id": "agm-wj3oxisc4f-8ix1fw-GET",
            "operation_name": null,
            "request_models": null,
            "request_parameters": null,
            "request_validator_id": null,
            "resource_id": "8ix1fw",
            "rest_api_id": "wj3oxisc4f"
          },
          "sensitive_attributes": [],
          "private": "bnVsbA==",
          "dependencies": [
            "aws_api_gateway_resource.update_ovation_rest_api_root",
            "aws_api_gateway_rest_api.ovation_rest_api"
          ],
          "create_before_destroy": true
        }
      ]
    },
    {
      "mode": "managed",
      "type": "aws_api_gateway_method_response",
      "name": "create_method_response",
      "provider": "provider[\"registry.terraform.io/hashicorp/aws\"]",
      "instances": [
        {
          "schema_version": 0,
          "attributes": {
            "http_method": "GET",
            "id": "agmr-wj3oxisc4f-sh6pvj-GET-200",
            "resource_id": "sh6pvj",
            "response_models": {
              "application/json": "Empty"
            },
            "response_parameters": null,
            "rest_api_id": "wj3oxisc4f",
            "status_code": "200"
          },
          "sensitive_attributes": [],
          "private": "bnVsbA==",
          "dependencies": [
            "aws_api_gateway_method.create_method",
            "aws_api_gateway_resource.create_ovation_rest_api_root",
            "aws_api_gateway_rest_api.ovation_rest_api"
          ]
        }
      ]
    },
    {
      "mode": "managed",
      "type": "aws_api_gateway_method_response",
      "name": "delete_method_response",
      "provider": "provider[\"registry.terraform.io/hashicorp/aws\"]",
      "instances": [
        {
          "schema_version": 0,
          "attributes": {
            "http_method": "GET",
            "id": "agmr-wj3oxisc4f-ldvogk-GET-200",
            "resource_id": "ldvogk",
            "response_models": {
              "application/json": "Empty"
            },
            "response_parameters": null,
            "rest_api_id": "wj3oxisc4f",
            "status_code": "200"
          },
          "sensitive_attributes": [],
          "private": "bnVsbA==",
          "dependencies": [
            "aws_api_gateway_method.delete_method",
            "aws_api_gateway_resource.delete_ovation_rest_api_root",
            "aws_api_gateway_rest_api.ovation_rest_api"
          ]
        }
      ]
    },
    {
      "mode": "managed",
      "type": "aws_api_gateway_method_response",
      "name": "read_method_response",
      "provider": "provider[\"registry.terraform.io/hashicorp/aws\"]",
      "instances": [
        {
          "schema_version": 0,
          "attributes": {
            "http_method": "GET",
            "id": "agmr-wj3oxisc4f-t7qis3-GET-200",
            "resource_id": "t7qis3",
            "response_models": {
              "application/json": "Empty"
            },
            "response_parameters": null,
            "rest_api_id": "wj3oxisc4f",
            "status_code": "200"
          },
          "sensitive_attributes": [],
          "private": "bnVsbA==",
          "dependencies": [
            "aws_api_gateway_method.read_method",
            "aws_api_gateway_resource.read_ovation_rest_api_root",
            "aws_api_gateway_rest_api.ovation_rest_api"
          ]
        }
      ]
    },
    {
      "mode": "managed",
      "type": "aws_api_gateway_method_response",
      "name": "update_method_response",
      "provider": "provider[\"registry.terraform.io/hashicorp/aws\"]",
      "instances": [
        {
          "schema_version": 0,
          "attributes": {
            "http_method": "GET",
            "id": "agmr-wj3oxisc4f-8ix1fw-GET-200",
            "resource_id": "8ix1fw",
            "response_models": {
              "application/json": "Empty"
            },
            "response_parameters": null,
            "rest_api_id": "wj3oxisc4f",
            "status_code": "200"
          },
          "sensitive_attributes": [],
          "private": "bnVsbA==",
          "dependencies": [
            "aws_api_gateway_method.update_method",
            "aws_api_gateway_resource.update_ovation_rest_api_root",
            "aws_api_gateway_rest_api.ovation_rest_api"
          ]
        }
      ]
    },
    {
      "mode": "managed",
      "type": "aws_api_gateway_method_settings",
      "name": "all",
      "provider": "provider[\"registry.terraform.io/hashicorp/aws\"]",
      "instances": [
        {
          "schema_version": 0,
          "attributes": {
            "id": "wj3oxisc4f-v1-*/*",
            "method_path": "*/*",
            "rest_api_id": "wj3oxisc4f",
            "settings": [
              {
                "cache_data_encrypted": false,
                "cache_ttl_in_seconds": 300,
                "caching_enabled": false,
                "data_trace_enabled": false,
                "logging_level": "INFO",
                "metrics_enabled": true,
                "require_authorization_for_cache_control": true,
                "throttling_burst_limit": -1,
                "throttling_rate_limit": -1,
                "unauthorized_cache_control_header_strategy": "SUCCEED_WITH_RESPONSE_HEADER"
              }
            ],
            "stage_name": "v1"
          },
          "sensitive_attributes": [],
          "private": "bnVsbA==",
          "dependencies": [
            "aws_api_gateway_account.ovation_api",
            "aws_api_gateway_deployment.ovation_rest_api_deployment",
            "aws_api_gateway_integration.create_lambda_integration",
            "aws_api_gateway_integration.delete_lambda_integration",
            "aws_api_gateway_integration.read_lambda_integration",
            "aws_api_gateway_integration.update_lambda_integration",
            "aws_api_gateway_method.create_method",
            "aws_api_gateway_method.delete_method",
            "aws_api_gateway_method.read_method",
            "aws_api_gateway_method.update_method",
            "aws_api_gateway_resource.create_ovation_rest_api_root",
            "aws_api_gateway_resource.delete_ovation_rest_api_root",
            "aws_api_gateway_resource.read_ovation_rest_api_root",
            "aws_api_gateway_resource.update_ovation_rest_api_root",
            "aws_api_gateway_rest_api.ovation_rest_api",
            "aws_api_gateway_stage.ovation_rest_api_deployment_stage",
            "aws_cloudwatch_log_group.api_gw_rest",
            "aws_cloudwatch_log_group.lambda_logs",
            "aws_iam_role.cloudwatch",
            "aws_iam_role.lambda_role",
            "aws_lambda_function.create_lambda",
            "aws_lambda_function.delete_lambda",
            "aws_lambda_function.read_lambda",
            "aws_lambda_function.update_lambda",
            "aws_s3_bucket.lambda_bucket",
            "aws_s3_object.this",
            "data.archive_file.lambda_package",
            "data.aws_iam_policy_document.assume_role",
            "random_string.random"
          ]
        }
      ]
    },
    {
      "mode": "managed",
      "type": "aws_api_gateway_resource",
      "name": "create_ovation_rest_api_root",
      "provider": "provider[\"registry.terraform.io/hashicorp/aws\"]",
      "instances": [
        {
          "schema_version": 0,
          "attributes": {
            "id": "sh6pvj",
            "parent_id": "qvo338kzea",
            "path": "/create",
            "path_part": "create",
            "rest_api_id": "wj3oxisc4f"
          },
          "sensitive_attributes": [],
          "private": "bnVsbA==",
          "dependencies": [
            "aws_api_gateway_rest_api.ovation_rest_api"
          ],
          "create_before_destroy": true
        }
      ]
    },
    {
      "mode": "managed",
      "type": "aws_api_gateway_resource",
      "name": "delete_ovation_rest_api_root",
      "provider": "provider[\"registry.terraform.io/hashicorp/aws\"]",
      "instances": [
        {
          "schema_version": 0,
          "attributes": {
            "id": "ldvogk",
            "parent_id": "qvo338kzea",
            "path": "/delete",
            "path_part": "delete",
            "rest_api_id": "wj3oxisc4f"
          },
          "sensitive_attributes": [],
          "private": "bnVsbA==",
          "dependencies": [
            "aws_api_gateway_rest_api.ovation_rest_api"
          ],
          "create_before_destroy": true
        }
      ]
    },
    {
      "mode": "managed",
      "type": "aws_api_gateway_resource",
      "name": "read_ovation_rest_api_root",
      "provider": "provider[\"registry.terraform.io/hashicorp/aws\"]",
      "instances": [
        {
          "schema_version": 0,
          "attributes": {
            "id": "t7qis3",
            "parent_id": "qvo338kzea",
            "path": "/read",
            "path_part": "read",
            "rest_api_id": "wj3oxisc4f"
          },
          "sensitive_attributes": [],
          "private": "bnVsbA==",
          "dependencies": [
            "aws_api_gateway_rest_api.ovation_rest_api"
          ],
          "create_before_destroy": true
        }
      ]
    },
    {
      "mode": "managed",
      "type": "aws_api_gateway_resource",
      "name": "update_ovation_rest_api_root",
      "provider": "provider[\"registry.terraform.io/hashicorp/aws\"]",
      "instances": [
        {
          "schema_version": 0,
          "attributes": {
            "id": "8ix1fw",
            "parent_id": "qvo338kzea",
            "path": "/update",
            "path_part": "update",
            "rest_api_id": "wj3oxisc4f"
          },
          "sensitive_attributes": [],
          "private": "bnVsbA==",
          "dependencies": [
            "aws_api_gateway_rest_api.ovation_rest_api"
          ],
          "create_before_destroy": true
        }
      ]
    },
    {
      "mode": "managed",
      "type": "aws_api_gateway_rest_api",
      "name": "ovation_rest_api",
      "provider": "provider[\"registry.terraform.io/hashicorp/aws\"]",
      "instances": [
        {
          "schema_version": 0,
          "attributes": {
            "api_key_source": "HEADER",
            "arn": "arn:aws:apigateway:ap-south-1::/restapis/wj3oxisc4f",
            "binary_media_types": [],
            "body": null,
            "created_date": "2024-09-08T17:19:51Z",
            "description": "ovation_rest_api",
            "disable_execute_api_endpoint": false,
            "endpoint_configuration": [
              {
                "types": [
                  "EDGE"
                ],
                "vpc_endpoint_ids": []
              }
            ],
            "execution_arn": "arn:aws:execute-api:ap-south-1:339100264099:wj3oxisc4f",
            "fail_on_warnings": null,
            "id": "wj3oxisc4f",
            "minimum_compression_size": "",
            "name": "ovation-rest-api",
            "parameters": null,
            "policy": "",
            "put_rest_api_mode": null,
            "root_resource_id": "qvo338kzea",
            "tags": null,
            "tags_all": {}
          },
          "sensitive_attributes": [],
          "private": "bnVsbA==",
          "create_before_destroy": true
        }
      ]
    },
    {
      "mode": "managed",
      "type": "aws_api_gateway_stage",
      "name": "ovation_rest_api_deployment_stage",
      "provider": "provider[\"registry.terraform.io/hashicorp/aws\"]",
      "instances": [
        {
          "schema_version": 0,
          "attributes": {
            "access_log_settings": [
              {
                "destination_arn": "arn:aws:logs:ap-south-1:339100264099:log-group:/aws/api_gw/ovation-UeTn",
                "format": "{\"httpMethod\":\"$context.httpMethod\",\"integrationErrorMessage\":\"$context.integrationErrorMessage\",\"protocol\":\"$context.protocol\",\"requestId\":\"$context.requestId\",\"requestTime\":\"$context.requestTime\",\"resourcePath\":\"$context.resourcePath\",\"responseLength\":\"$context.responseLength\",\"routeKey\":\"$context.routeKey\",\"sourceIp\":\"$context.identity.sourceIp\",\"status\":\"$context.status\"}"
              }
            ],
            "arn": "arn:aws:apigateway:ap-south-1::/restapis/wj3oxisc4f/stages/v1",
            "cache_cluster_enabled": false,
            "cache_cluster_size": "",
            "canary_settings": [],
            "client_certificate_id": "",
            "deployment_id": "k0wvp5",
            "description": "",
            "documentation_version": "",
            "execution_arn": "arn:aws:execute-api:ap-south-1:339100264099:wj3oxisc4f/v1",
            "id": "ags-wj3oxisc4f-v1",
            "invoke_url": "https://wj3oxisc4f.execute-api.ap-south-1.amazonaws.com/v1",
            "rest_api_id": "wj3oxisc4f",
            "stage_name": "v1",
            "tags": null,
            "tags_all": {},
            "variables": null,
            "web_acl_arn": "",
            "xray_tracing_enabled": false
          },
          "sensitive_attributes": [],
          "private": "bnVsbA==",
          "dependencies": [
            "aws_api_gateway_account.ovation_api",
            "aws_api_gateway_deployment.ovation_rest_api_deployment",
            "aws_api_gateway_integration.create_lambda_integration",
            "aws_api_gateway_integration.delete_lambda_integration",
            "aws_api_gateway_integration.read_lambda_integration",
            "aws_api_gateway_integration.update_lambda_integration",
            "aws_api_gateway_method.create_method",
            "aws_api_gateway_method.delete_method",
            "aws_api_gateway_method.read_method",
            "aws_api_gateway_method.update_method",
            "aws_api_gateway_resource.create_ovation_rest_api_root",
            "aws_api_gateway_resource.delete_ovation_rest_api_root",
            "aws_api_gateway_resource.read_ovation_rest_api_root",
            "aws_api_gateway_resource.update_ovation_rest_api_root",
            "aws_api_gateway_rest_api.ovation_rest_api",
            "aws_cloudwatch_log_group.api_gw_rest",
            "aws_cloudwatch_log_group.lambda_logs",
            "aws_iam_role.cloudwatch",
            "aws_iam_role.lambda_role",
            "aws_lambda_function.create_lambda",
            "aws_lambda_function.delete_lambda",
            "aws_lambda_function.read_lambda",
            "aws_lambda_function.update_lambda",
            "aws_s3_bucket.lambda_bucket",
            "aws_s3_object.this",
            "data.archive_file.lambda_package",
            "data.aws_iam_policy_document.assume_role",
            "random_string.random"
          ]
        }
      ]
    },
    {
      "mode": "managed",
      "type": "aws_api_gateway_usage_plan",
      "name": "ovation_api_usage_plan",
      "provider": "provider[\"registry.terraform.io/hashicorp/aws\"]",
      "instances": [
        {
          "schema_version": 0,
          "attributes": {
            "api_stages": [
              {
                "api_id": "wj3oxisc4f",
                "stage": "v1",
                "throttle": []
              }
            ],
            "arn": "arn:aws:apigateway:ap-south-1::/usageplans/h1rv6a",
            "description": "ovation_api_usage_plan",
            "id": "h1rv6a",
            "name": "ovation_api_usage_plan",
            "product_code": "",
            "quota_settings": [
              {
                "limit": 1000,
                "offset": 0,
                "period": "DAY"
              }
            ],
            "tags": null,
            "tags_all": {},
            "throttle_settings": [
              {
                "burst_limit": 100,
                "rate_limit": 50
              }
            ]
          },
          "sensitive_attributes": [],
          "private": "bnVsbA==",
          "dependencies": [
            "aws_api_gateway_account.ovation_api",
            "aws_api_gateway_deployment.ovation_rest_api_deployment",
            "aws_api_gateway_integration.create_lambda_integration",
            "aws_api_gateway_integration.delete_lambda_integration",
            "aws_api_gateway_integration.read_lambda_integration",
            "aws_api_gateway_integration.update_lambda_integration",
            "aws_api_gateway_method.create_method",
            "aws_api_gateway_method.delete_method",
            "aws_api_gateway_method.read_method",
            "aws_api_gateway_method.update_method",
            "aws_api_gateway_resource.create_ovation_rest_api_root",
            "aws_api_gateway_resource.delete_ovation_rest_api_root",
            "aws_api_gateway_resource.read_ovation_rest_api_root",
            "aws_api_gateway_resource.update_ovation_rest_api_root",
            "aws_api_gateway_rest_api.ovation_rest_api",
            "aws_api_gateway_stage.ovation_rest_api_deployment_stage",
            "aws_cloudwatch_log_group.api_gw_rest",
            "aws_cloudwatch_log_group.lambda_logs",
            "aws_iam_role.cloudwatch",
            "aws_iam_role.lambda_role",
            "aws_lambda_function.create_lambda",
            "aws_lambda_function.delete_lambda",
            "aws_lambda_function.read_lambda",
            "aws_lambda_function.update_lambda",
            "aws_s3_bucket.lambda_bucket",
            "aws_s3_object.this",
            "data.archive_file.lambda_package",
            "data.aws_iam_policy_document.assume_role",
            "random_string.random"
          ]
        }
      ]
    },
    {
      "mode": "managed",
      "type": "aws_api_gateway_usage_plan_key",
      "name": "main",
      "provider": "provider[\"registry.terraform.io/hashicorp/aws\"]",
      "instances": [
        {
          "schema_version": 0,
          "attributes": {
            "id": "wqvjs06p0k",
            "key_id": "wqvjs06p0k",
            "key_type": "API_KEY",
            "name": "usage_plan_key",
            "usage_plan_id": "h1rv6a",
            "value": "MNCpOldh1s6mO3HHSmOv95tZ6R34lSXA6Tgkm8L1"
          },
          "sensitive_attributes": [],
          "private": "bnVsbA==",
          "dependencies": [
            "aws_api_gateway_account.ovation_api",
            "aws_api_gateway_api_key.usage_plan_key",
            "aws_api_gateway_deployment.ovation_rest_api_deployment",
            "aws_api_gateway_integration.create_lambda_integration",
            "aws_api_gateway_integration.delete_lambda_integration",
            "aws_api_gateway_integration.read_lambda_integration",
            "aws_api_gateway_integration.update_lambda_integration",
            "aws_api_gateway_method.create_method",
            "aws_api_gateway_method.delete_method",
            "aws_api_gateway_method.read_method",
            "aws_api_gateway_method.update_method",
            "aws_api_gateway_resource.create_ovation_rest_api_root",
            "aws_api_gateway_resource.delete_ovation_rest_api_root",
            "aws_api_gateway_resource.read_ovation_rest_api_root",
            "aws_api_gateway_resource.update_ovation_rest_api_root",
            "aws_api_gateway_rest_api.ovation_rest_api",
            "aws_api_gateway_stage.ovation_rest_api_deployment_stage",
            "aws_api_gateway_usage_plan.ovation_api_usage_plan",
            "aws_cloudwatch_log_group.api_gw_rest",
            "aws_cloudwatch_log_group.lambda_logs",
            "aws_iam_role.cloudwatch",
            "aws_iam_role.lambda_role",
            "aws_lambda_function.create_lambda",
            "aws_lambda_function.delete_lambda",
            "aws_lambda_function.read_lambda",
            "aws_lambda_function.update_lambda",
            "aws_s3_bucket.lambda_bucket",
            "aws_s3_object.this",
            "data.archive_file.lambda_package",
            "data.aws_iam_policy_document.assume_role",
            "random_string.random"
          ]
        }
      ]
    },
    {
      "mode": "managed",
      "type": "aws_cloudwatch_log_group",
      "name": "api_gw_rest",
      "provider": "provider[\"registry.terraform.io/hashicorp/aws\"]",
      "instances": [
        {
          "schema_version": 0,
          "attributes": {
            "arn": "arn:aws:logs:ap-south-1:339100264099:log-group:/aws/api_gw/ovation-UeTn",
            "id": "/aws/api_gw/ovation-UeTn",
            "kms_key_id": "",
            "log_group_class": "STANDARD",
            "name": "/aws/api_gw/ovation-UeTn",
            "name_prefix": "",
            "retention_in_days": 1,
            "skip_destroy": false,
            "tags": null,
            "tags_all": {}
          },
          "sensitive_attributes": [],
          "private": "bnVsbA==",
          "dependencies": [
            "random_string.random"
          ]
        }
      ]
    },
    {
      "mode": "managed",
      "type": "aws_cloudwatch_log_group",
      "name": "lambda_logs",
      "provider": "provider[\"registry.terraform.io/hashicorp/aws\"]",
      "instances": [
        {
          "schema_version": 0,
          "attributes": {
            "arn": "arn:aws:logs:ap-south-1:339100264099:log-group:/aws/lambda/api_logs-UeTn",
            "id": "/aws/lambda/api_logs-UeTn",
            "kms_key_id": "",
            "log_group_class": "STANDARD",
            "name": "/aws/lambda/api_logs-UeTn",
            "name_prefix": "",
            "retention_in_days": 1,
            "skip_destroy": false,
            "tags": null,
            "tags_all": {}
          },
          "sensitive_attributes": [],
          "private": "bnVsbA==",
          "dependencies": [
            "random_string.random"
          ],
          "create_before_destroy": true
        }
      ]
    },
    {
      "mode": "managed",
      "type": "aws_dynamodb_table",
      "name": "lambda_table",
      "provider": "provider[\"registry.terraform.io/hashicorp/aws\"]",
      "instances": [
        {
          "schema_version": 1,
          "attributes": {
            "arn": "arn:aws:dynamodb:ap-south-1:339100264099:table/lambda-dynamodb",
            "attribute": [
              {
                "name": "email",
                "type": "S"
              },
              {
                "name": "year",
                "type": "N"
              }
            ],
            "billing_mode": "PAY_PER_REQUEST",
            "deletion_protection_enabled": false,
            "global_secondary_index": [],
            "hash_key": "year",
            "id": "lambda-dynamodb",
            "import_table": [],
            "local_secondary_index": [],
            "name": "lambda-dynamodb",
            "point_in_time_recovery": [
              {
                "enabled": false
              }
            ],
            "range_key": "email",
            "read_capacity": 0,
            "replica": [],
            "restore_date_time": null,
            "restore_source_name": null,
            "restore_source_table_arn": null,
            "restore_to_latest_time": null,
            "server_side_encryption": [],
            "stream_arn": "",
            "stream_enabled": false,
            "stream_label": "",
            "stream_view_type": "",
            "table_class": "STANDARD",
            "tags": null,
            "tags_all": {},
            "timeouts": null,
            "ttl": [
              {
                "attribute_name": "",
                "enabled": false
              }
            ],
            "write_capacity": 0
          },
          "sensitive_attributes": [],
          "private": "eyJlMmJmYjczMC1lY2FhLTExZTYtOGY4OC0zNDM2M2JjN2M0YzAiOnsiY3JlYXRlIjoxODAwMDAwMDAwMDAwLCJkZWxldGUiOjYwMDAwMDAwMDAwMCwidXBkYXRlIjozNjAwMDAwMDAwMDAwfSwic2NoZW1hX3ZlcnNpb24iOiIxIn0="
        }
      ]
    },
    {
      "mode": "managed",
      "type": "aws_iam_policy",
      "name": "lambda_policy",
      "provider": "provider[\"registry.terraform.io/hashicorp/aws\"]",
      "instances": [
        {
          "schema_version": 0,
          "attributes": {
            "arn": "arn:aws:iam::339100264099:policy/lambda-policy",
            "attachment_count": 0,
            "description": "",
            "id": "arn:aws:iam::339100264099:policy/lambda-policy",
            "name": "lambda-policy",
            "name_prefix": "",
            "path": "/",
            "policy": "{\"Statement\":[{\"Action\":[\"dynamodb:GetItem\",\"dynamodb:PutItem\",\"dynamodb:UpdateItem\"],\"Effect\":\"Allow\",\"Resource\":\"arn:aws:dynamodb:*:*:table/lambda-dynamodb\"},{\"Action\":[\"logs:CreateLogGroup\",\"logs:CreateLogStream\",\"logs:PutLogEvents\"],\"Effect\":\"Allow\",\"Resource\":\"*\"}],\"Version\":\"2012-10-17\"}",
            "policy_id": "ANPAU547TM2R3XGGNGXIG",
            "tags": null,
            "tags_all": {}
          },
          "sensitive_attributes": [],
          "private": "bnVsbA=="
        }
      ]
    },
    {
      "mode": "managed",
      "type": "aws_iam_role",
      "name": "cloudwatch",
      "provider": "provider[\"registry.terraform.io/hashicorp/aws\"]",
      "instances": [
        {
          "schema_version": 0,
          "attributes": {
            "arn": "arn:aws:iam::339100264099:role/api_gateway_cloudwatch_global",
            "assume_role_policy": "{\"Statement\":[{\"Action\":\"sts:AssumeRole\",\"Effect\":\"Allow\",\"Principal\":{\"Service\":\"apigateway.amazonaws.com\"}}],\"Version\":\"2012-10-17\"}",
            "create_date": "2024-09-08T17:19:51Z",
            "description": "",
            "force_detach_policies": false,
            "id": "api_gateway_cloudwatch_global",
            "inline_policy": [],
            "managed_policy_arns": [],
            "max_session_duration": 3600,
            "name": "api_gateway_cloudwatch_global",
            "name_prefix": "",
            "path": "/",
            "permissions_boundary": "",
            "tags": null,
            "tags_all": {},
            "unique_id": "AROAU547TM2RR7GQT3YGY"
          },
          "sensitive_attributes": [],
          "private": "bnVsbA==",
          "dependencies": [
            "data.aws_iam_policy_document.assume_role"
          ]
        }
      ]
    },
    {
      "mode": "managed",
      "type": "aws_iam_role",
      "name": "lambda_role",
      "provider": "provider[\"registry.terraform.io/hashicorp/aws\"]",
      "instances": [
        {
          "schema_version": 0,
          "attributes": {
            "arn": "arn:aws:iam::339100264099:role/lambda-role",
            "assume_role_policy": "{\"Statement\":[{\"Action\":\"sts:AssumeRole\",\"Effect\":\"Allow\",\"Principal\":{\"Service\":\"lambda.amazonaws.com\"}}],\"Version\":\"2012-10-17\"}",
            "create_date": "2024-09-08T17:19:51Z",
            "description": "",
            "force_detach_policies": false,
            "id": "lambda-role",
            "inline_policy": [],
            "managed_policy_arns": [],
            "max_session_duration": 3600,
            "name": "lambda-role",
            "name_prefix": "",
            "path": "/",
            "permissions_boundary": "",
            "tags": null,
            "tags_all": {},
            "unique_id": "AROAU547TM2RQTGQLOW2W"
          },
          "sensitive_attributes": [],
          "private": "bnVsbA==",
          "create_before_destroy": true
        }
      ]
    },
    {
      "mode": "managed",
      "type": "aws_iam_role_policy",
      "name": "cloudwatch",
      "provider": "provider[\"registry.terraform.io/hashicorp/aws\"]",
      "instances": [
        {
          "schema_version": 0,
          "attributes": {
            "id": "api_gateway_cloudwatch_global:default",
            "name": "default",
            "name_prefix": "",
            "policy": "{\"Version\":\"2012-10-17\",\"Statement\":[{\"Action\":[\"logs:PutLogEvents\",\"logs:GetLogEvents\",\"logs:FilterLogEvents\",\"logs:DescribeLogStreams\",\"logs:DescribeLogGroups\",\"logs:CreateLogStream\",\"logs:CreateLogGroup\"],\"Effect\":\"Allow\",\"Resource\":\"*\"}]}",
            "role": "api_gateway_cloudwatch_global"
          },
          "sensitive_attributes": [],
          "private": "bnVsbA==",
          "dependencies": [
            "aws_iam_role.cloudwatch",
            "data.aws_iam_policy_document.assume_role",
            "data.aws_iam_policy_document.cloudwatch"
          ]
        }
      ]
    },
    {
      "mode": "managed",
      "type": "aws_iam_role_policy_attachment",
      "name": "lambda_role_policy",
      "provider": "provider[\"registry.terraform.io/hashicorp/aws\"]",
      "instances": [
        {
          "schema_version": 0,
          "attributes": {
            "id": "lambda-role-20240908171953838500000002",
            "policy_arn": "arn:aws:iam::339100264099:policy/lambda-policy",
            "role": "lambda-role"
          },
          "sensitive_attributes": [],
          "private": "bnVsbA==",
          "dependencies": [
            "aws_iam_policy.lambda_policy",
            "aws_iam_role.lambda_role"
          ]
        }
      ]
    },
    {
      "mode": "managed",
      "type": "aws_lambda_function",
      "name": "create_lambda",
      "provider": "provider[\"registry.terraform.io/hashicorp/aws\"]",
      "instances": [
        {
          "schema_version": 0,
          "attributes": {
            "architectures": [
              "x86_64"
            ],
            "arn": "arn:aws:lambda:ap-south-1:339100264099:function:CreateFunction",
            "code_sha256": "TvmojKtMT7qQhOvsEo523Clg2hSP6H9cu2rJcw/9ZEs=",
            "code_signing_config_arn": "",
            "dead_letter_config": [],
            "description": "",
            "environment": [
              {
                "variables": {
                  "DDB_TABLE": "lambda-dynamodb"
                }
              }
            ],
            "ephemeral_storage": [
              {
                "size": 512
              }
            ],
            "file_system_config": [],
            "filename": null,
            "function_name": "CreateFunction",
            "handler": "index.handler",
            "id": "CreateFunction",
            "image_config": [],
            "image_uri": "",
            "invoke_arn": "arn:aws:apigateway:ap-south-1:lambda:path/2015-03-31/functions/arn:aws:lambda:ap-south-1:339100264099:function:CreateFunction/invocations",
            "kms_key_arn": "",
            "last_modified": "2024-09-08T17:20:00.843+0000",
            "layers": null,
            "logging_config": [
              {
                "application_log_level": "",
                "log_format": "Text",
                "log_group": "/aws/lambda/CreateFunction",
                "system_log_level": ""
              }
            ],
            "memory_size": 128,
            "package_type": "Zip",
            "publish": false,
            "qualified_arn": "arn:aws:lambda:ap-south-1:339100264099:function:CreateFunction:$LATEST",
            "qualified_invoke_arn": "arn:aws:apigateway:ap-south-1:lambda:path/2015-03-31/functions/arn:aws:lambda:ap-south-1:339100264099:function:CreateFunction:$LATEST/invocations",
            "replace_security_groups_on_destroy": null,
            "replacement_security_group_ids": null,
            "reserved_concurrent_executions": -1,
            "role": "arn:aws:iam::339100264099:role/lambda-role",
            "runtime": "nodejs18.x",
            "s3_bucket": "api20240908171952062100000001",
            "s3_key": "index.zip",
            "s3_object_version": null,
            "signing_job_arn": "",
            "signing_profile_version_arn": "",
            "skip_destroy": false,
            "snap_start": [],
            "source_code_hash": "TvmojKtMT7qQhOvsEo523Clg2hSP6H9cu2rJcw/9ZEs=",
            "source_code_size": 356,
            "tags": null,
            "tags_all": {},
            "timeout": 3,
            "timeouts": null,
            "tracing_config": [
              {
                "mode": "PassThrough"
              }
            ],
            "version": "$LATEST",
            "vpc_config": []
          },
          "sensitive_attributes": [],
          "private": "eyJlMmJmYjczMC1lY2FhLTExZTYtOGY4OC0zNDM2M2JjN2M0YzAiOnsiY3JlYXRlIjo2MDAwMDAwMDAwMDAsImRlbGV0ZSI6NjAwMDAwMDAwMDAwLCJ1cGRhdGUiOjYwMDAwMDAwMDAwMH19",
          "dependencies": [
            "aws_cloudwatch_log_group.lambda_logs",
            "aws_iam_role.lambda_role",
            "aws_s3_bucket.lambda_bucket",
            "aws_s3_object.this",
            "data.archive_file.lambda_package",
            "random_string.random"
          ],
          "create_before_destroy": true
        }
      ]
    },
    {
      "mode": "managed",
      "type": "aws_lambda_function",
      "name": "delete_lambda",
      "provider": "provider[\"registry.terraform.io/hashicorp/aws\"]",
      "instances": [
        {
          "schema_version": 0,
          "attributes": {
            "architectures": [
              "x86_64"
            ],
            "arn": "arn:aws:lambda:ap-south-1:339100264099:function:DeleteFunction",
            "code_sha256": "TvmojKtMT7qQhOvsEo523Clg2hSP6H9cu2rJcw/9ZEs=",
            "code_signing_config_arn": "",
            "dead_letter_config": [],
            "description": "",
            "environment": [
              {
                "variables": {
                  "DDB_TABLE": "lambda-dynamodb"
                }
              }
            ],
            "ephemeral_storage": [
              {
                "size": 512
              }
            ],
            "file_system_config": [],
            "filename": null,
            "function_name": "DeleteFunction",
            "handler": "index.handler",
            "id": "DeleteFunction",
            "image_config": [],
            "image_uri": "",
            "invoke_arn": "arn:aws:apigateway:ap-south-1:lambda:path/2015-03-31/functions/arn:aws:lambda:ap-south-1:339100264099:function:DeleteFunction/invocations",
            "kms_key_arn": "",
            "last_modified": "2024-09-08T17:20:00.757+0000",
            "layers": null,
            "logging_config": [
              {
                "application_log_level": "",
                "log_format": "Text",
                "log_group": "/aws/lambda/DeleteFunction",
                "system_log_level": ""
              }
            ],
            "memory_size": 128,
            "package_type": "Zip",
            "publish": false,
            "qualified_arn": "arn:aws:lambda:ap-south-1:339100264099:function:DeleteFunction:$LATEST",
            "qualified_invoke_arn": "arn:aws:apigateway:ap-south-1:lambda:path/2015-03-31/functions/arn:aws:lambda:ap-south-1:339100264099:function:DeleteFunction:$LATEST/invocations",
            "replace_security_groups_on_destroy": null,
            "replacement_security_group_ids": null,
            "reserved_concurrent_executions": -1,
            "role": "arn:aws:iam::339100264099:role/lambda-role",
            "runtime": "nodejs18.x",
            "s3_bucket": "api20240908171952062100000001",
            "s3_key": "index.zip",
            "s3_object_version": null,
            "signing_job_arn": "",
            "signing_profile_version_arn": "",
            "skip_destroy": false,
            "snap_start": [],
            "source_code_hash": "TvmojKtMT7qQhOvsEo523Clg2hSP6H9cu2rJcw/9ZEs=",
            "source_code_size": 356,
            "tags": null,
            "tags_all": {},
            "timeout": 3,
            "timeouts": null,
            "tracing_config": [
              {
                "mode": "PassThrough"
              }
            ],
            "version": "$LATEST",
            "vpc_config": []
          },
          "sensitive_attributes": [],
          "private": "eyJlMmJmYjczMC1lY2FhLTExZTYtOGY4OC0zNDM2M2JjN2M0YzAiOnsiY3JlYXRlIjo2MDAwMDAwMDAwMDAsImRlbGV0ZSI6NjAwMDAwMDAwMDAwLCJ1cGRhdGUiOjYwMDAwMDAwMDAwMH19",
          "dependencies": [
            "aws_cloudwatch_log_group.lambda_logs",
            "aws_iam_role.lambda_role",
            "aws_s3_bucket.lambda_bucket",
            "aws_s3_object.this",
            "data.archive_file.lambda_package",
            "random_string.random"
          ],
          "create_before_destroy": true
        }
      ]
    },
    {
      "mode": "managed",
      "type": "aws_lambda_function",
      "name": "read_lambda",
      "provider": "provider[\"registry.terraform.io/hashicorp/aws\"]",
      "instances": [
        {
          "schema_version": 0,
          "attributes": {
            "architectures": [
              "x86_64"
            ],
            "arn": "arn:aws:lambda:ap-south-1:339100264099:function:ReadFunction",
            "code_sha256": "TvmojKtMT7qQhOvsEo523Clg2hSP6H9cu2rJcw/9ZEs=",
            "code_signing_config_arn": "",
            "dead_letter_config": [],
            "description": "",
            "environment": [
              {
                "variables": {
                  "DDB_TABLE": "lambda-dynamodb"
                }
              }
            ],
            "ephemeral_storage": [
              {
                "size": 512
              }
            ],
            "file_system_config": [],
            "filename": null,
            "function_name": "ReadFunction",
            "handler": "index.handler",
            "id": "ReadFunction",
            "image_config": [],
            "image_uri": "",
            "invoke_arn": "arn:aws:apigateway:ap-south-1:lambda:path/2015-03-31/functions/arn:aws:lambda:ap-south-1:339100264099:function:ReadFunction/invocations",
            "kms_key_arn": "",
            "last_modified": "2024-09-08T17:20:00.789+0000",
            "layers": null,
            "logging_config": [
              {
                "application_log_level": "",
                "log_format": "Text",
                "log_group": "/aws/lambda/ReadFunction",
                "system_log_level": ""
              }
            ],
            "memory_size": 128,
            "package_type": "Zip",
            "publish": false,
            "qualified_arn": "arn:aws:lambda:ap-south-1:339100264099:function:ReadFunction:$LATEST",
            "qualified_invoke_arn": "arn:aws:apigateway:ap-south-1:lambda:path/2015-03-31/functions/arn:aws:lambda:ap-south-1:339100264099:function:ReadFunction:$LATEST/invocations",
            "replace_security_groups_on_destroy": null,
            "replacement_security_group_ids": null,
            "reserved_concurrent_executions": -1,
            "role": "arn:aws:iam::339100264099:role/lambda-role",
            "runtime": "nodejs18.x",
            "s3_bucket": "api20240908171952062100000001",
            "s3_key": "index.zip",
            "s3_object_version": null,
            "signing_job_arn": "",
            "signing_profile_version_arn": "",
            "skip_destroy": false,
            "snap_start": [],
            "source_code_hash": "TvmojKtMT7qQhOvsEo523Clg2hSP6H9cu2rJcw/9ZEs=",
            "source_code_size": 356,
            "tags": null,
            "tags_all": {},
            "timeout": 3,
            "timeouts": null,
            "tracing_config": [
              {
                "mode": "PassThrough"
              }
            ],
            "version": "$LATEST",
            "vpc_config": []
          },
          "sensitive_attributes": [],
          "private": "eyJlMmJmYjczMC1lY2FhLTExZTYtOGY4OC0zNDM2M2JjN2M0YzAiOnsiY3JlYXRlIjo2MDAwMDAwMDAwMDAsImRlbGV0ZSI6NjAwMDAwMDAwMDAwLCJ1cGRhdGUiOjYwMDAwMDAwMDAwMH19",
          "dependencies": [
            "aws_cloudwatch_log_group.lambda_logs",
            "aws_iam_role.lambda_role",
            "aws_s3_bucket.lambda_bucket",
            "aws_s3_object.this",
            "data.archive_file.lambda_package",
            "random_string.random"
          ],
          "create_before_destroy": true
        }
      ]
    },
    {
      "mode": "managed",
      "type": "aws_lambda_function",
      "name": "update_lambda",
      "provider": "provider[\"registry.terraform.io/hashicorp/aws\"]",
      "instances": [
        {
          "schema_version": 0,
          "attributes": {
            "architectures": [
              "x86_64"
            ],
            "arn": "arn:aws:lambda:ap-south-1:339100264099:function:UpdateFunction",
            "code_sha256": "TvmojKtMT7qQhOvsEo523Clg2hSP6H9cu2rJcw/9ZEs=",
            "code_signing_config_arn": "",
            "dead_letter_config": [],
            "description": "",
            "environment": [
              {
                "variables": {
                  "DDB_TABLE": "lambda-dynamodb"
                }
              }
            ],
            "ephemeral_storage": [
              {
                "size": 512
              }
            ],
            "file_system_config": [],
            "filename": null,
            "function_name": "UpdateFunction",
            "handler": "index.handler",
            "id": "UpdateFunction",
            "image_config": [],
            "image_uri": "",
            "invoke_arn": "arn:aws:apigateway:ap-south-1:lambda:path/2015-03-31/functions/arn:aws:lambda:ap-south-1:339100264099:function:UpdateFunction/invocations",
            "kms_key_arn": "",
            "last_modified": "2024-09-08T17:20:00.760+0000",
            "layers": null,
            "logging_config": [
              {
                "application_log_level": "",
                "log_format": "Text",
                "log_group": "/aws/lambda/UpdateFunction",
                "system_log_level": ""
              }
            ],
            "memory_size": 128,
            "package_type": "Zip",
            "publish": false,
            "qualified_arn": "arn:aws:lambda:ap-south-1:339100264099:function:UpdateFunction:$LATEST",
            "qualified_invoke_arn": "arn:aws:apigateway:ap-south-1:lambda:path/2015-03-31/functions/arn:aws:lambda:ap-south-1:339100264099:function:UpdateFunction:$LATEST/invocations",
            "replace_security_groups_on_destroy": null,
            "replacement_security_group_ids": null,
            "reserved_concurrent_executions": -1,
            "role": "arn:aws:iam::339100264099:role/lambda-role",
            "runtime": "nodejs18.x",
            "s3_bucket": "api20240908171952062100000001",
            "s3_key": "index.zip",
            "s3_object_version": null,
            "signing_job_arn": "",
            "signing_profile_version_arn": "",
            "skip_destroy": false,
            "snap_start": [],
            "source_code_hash": "TvmojKtMT7qQhOvsEo523Clg2hSP6H9cu2rJcw/9ZEs=",
            "source_code_size": 356,
            "tags": null,
            "tags_all": {},
            "timeout": 3,
            "timeouts": null,
            "tracing_config": [
              {
                "mode": "PassThrough"
              }
            ],
            "version": "$LATEST",
            "vpc_config": []
          },
          "sensitive_attributes": [],
          "private": "eyJlMmJmYjczMC1lY2FhLTExZTYtOGY4OC0zNDM2M2JjN2M0YzAiOnsiY3JlYXRlIjo2MDAwMDAwMDAwMDAsImRlbGV0ZSI6NjAwMDAwMDAwMDAwLCJ1cGRhdGUiOjYwMDAwMDAwMDAwMH19",
          "dependencies": [
            "aws_cloudwatch_log_group.lambda_logs",
            "aws_iam_role.lambda_role",
            "aws_s3_bucket.lambda_bucket",
            "aws_s3_object.this",
            "data.archive_file.lambda_package",
            "random_string.random"
          ],
          "create_before_destroy": true
        }
      ]
    },
    {
      "mode": "managed",
      "type": "aws_lambda_permission",
      "name": "create_ovation_rest_api_permission",
      "provider": "provider[\"registry.terraform.io/hashicorp/aws\"]",
      "instances": [
        {
          "schema_version": 0,
          "attributes": {
            "action": "lambda:InvokeFunction",
            "event_source_token": null,
            "function_name": "CreateFunction",
            "function_url_auth_type": null,
            "id": "AllowExecutionFromAPIGateway",
            "principal": "apigateway.amazonaws.com",
            "principal_org_id": null,
            "qualifier": "",
            "source_account": null,
            "source_arn": "arn:aws:execute-api:ap-south-1:339100264099:wj3oxisc4f/*/GET/create",
            "statement_id": "AllowExecutionFromAPIGateway",
            "statement_id_prefix": ""
          },
          "sensitive_attributes": [],
          "private": "bnVsbA==",
          "dependencies": [
            "aws_api_gateway_integration.create_lambda_integration",
            "aws_api_gateway_method.create_method",
            "aws_api_gateway_resource.create_ovation_rest_api_root",
            "aws_api_gateway_rest_api.ovation_rest_api",
            "aws_cloudwatch_log_group.lambda_logs",
            "aws_iam_role.lambda_role",
            "aws_lambda_function.create_lambda",
            "aws_s3_bucket.lambda_bucket",
            "aws_s3_object.this",
            "data.archive_file.lambda_package",
            "random_string.random"
          ]
        }
      ]
    },
    {
      "mode": "managed",
      "type": "aws_lambda_permission",
      "name": "delete_ovation_rest_api_permission",
      "provider": "provider[\"registry.terraform.io/hashicorp/aws\"]",
      "instances": [
        {
          "schema_version": 0,
          "attributes": {
            "action": "lambda:InvokeFunction",
            "event_source_token": null,
            "function_name": "DeleteFunction",
            "function_url_auth_type": null,
            "id": "AllowExecutionFromAPIGateway",
            "principal": "apigateway.amazonaws.com",
            "principal_org_id": null,
            "qualifier": "",
            "source_account": null,
            "source_arn": "arn:aws:execute-api:ap-south-1:339100264099:wj3oxisc4f/*/GET/delete",
            "statement_id": "AllowExecutionFromAPIGateway",
            "statement_id_prefix": ""
          },
          "sensitive_attributes": [],
          "private": "bnVsbA==",
          "dependencies": [
            "aws_api_gateway_integration.delete_lambda_integration",
            "aws_api_gateway_method.delete_method",
            "aws_api_gateway_resource.delete_ovation_rest_api_root",
            "aws_api_gateway_rest_api.ovation_rest_api",
            "aws_cloudwatch_log_group.lambda_logs",
            "aws_iam_role.lambda_role",
            "aws_lambda_function.delete_lambda",
            "aws_s3_bucket.lambda_bucket",
            "aws_s3_object.this",
            "data.archive_file.lambda_package",
            "random_string.random"
          ]
        }
      ]
    },
    {
      "mode": "managed",
      "type": "aws_lambda_permission",
      "name": "read_ovation_rest_api_permission",
      "provider": "provider[\"registry.terraform.io/hashicorp/aws\"]",
      "instances": [
        {
          "schema_version": 0,
          "attributes": {
            "action": "lambda:InvokeFunction",
            "event_source_token": null,
            "function_name": "ReadFunction",
            "function_url_auth_type": null,
            "id": "AllowExecutionFromAPIGateway",
            "principal": "apigateway.amazonaws.com",
            "principal_org_id": null,
            "qualifier": "",
            "source_account": null,
            "source_arn": "arn:aws:execute-api:ap-south-1:339100264099:wj3oxisc4f/*/GET/read",
            "statement_id": "AllowExecutionFromAPIGateway",
            "statement_id_prefix": ""
          },
          "sensitive_attributes": [],
          "private": "bnVsbA==",
          "dependencies": [
            "aws_api_gateway_integration.read_lambda_integration",
            "aws_api_gateway_method.read_method",
            "aws_api_gateway_resource.read_ovation_rest_api_root",
            "aws_api_gateway_rest_api.ovation_rest_api",
            "aws_cloudwatch_log_group.lambda_logs",
            "aws_iam_role.lambda_role",
            "aws_lambda_function.read_lambda",
            "aws_s3_bucket.lambda_bucket",
            "aws_s3_object.this",
            "data.archive_file.lambda_package",
            "random_string.random"
          ]
        }
      ]
    },
    {
      "mode": "managed",
      "type": "aws_lambda_permission",
      "name": "update_ovation_rest_api_permission",
      "provider": "provider[\"registry.terraform.io/hashicorp/aws\"]",
      "instances": [
        {
          "schema_version": 0,
          "attributes": {
            "action": "lambda:InvokeFunction",
            "event_source_token": null,
            "function_name": "UpdateFunction",
            "function_url_auth_type": null,
            "id": "AllowExecutionFromAPIGateway",
            "principal": "apigateway.amazonaws.com",
            "principal_org_id": null,
            "qualifier": "",
            "source_account": null,
            "source_arn": "arn:aws:execute-api:ap-south-1:339100264099:wj3oxisc4f/*/GET/update",
            "statement_id": "AllowExecutionFromAPIGateway",
            "statement_id_prefix": ""
          },
          "sensitive_attributes": [],
          "private": "bnVsbA==",
          "dependencies": [
            "aws_api_gateway_integration.update_lambda_integration",
            "aws_api_gateway_method.update_method",
            "aws_api_gateway_resource.update_ovation_rest_api_root",
            "aws_api_gateway_rest_api.ovation_rest_api",
            "aws_cloudwatch_log_group.lambda_logs",
            "aws_iam_role.lambda_role",
            "aws_lambda_function.update_lambda",
            "aws_s3_bucket.lambda_bucket",
            "aws_s3_object.this",
            "data.archive_file.lambda_package",
            "random_string.random"
          ]
        }
      ]
    },
    {
      "mode": "managed",
      "type": "aws_s3_bucket",
      "name": "lambda_bucket",
      "provider": "provider[\"registry.terraform.io/hashicorp/aws\"]",
      "instances": [
        {
          "schema_version": 0,
          "attributes": {
            "acceleration_status": "",
            "acl": null,
            "arn": "arn:aws:s3:::api20240908171952062100000001",
            "bucket": "api20240908171952062100000001",
            "bucket_domain_name": "api20240908171952062100000001.s3.amazonaws.com",
            "bucket_prefix": "api",
            "bucket_regional_domain_name": "api20240908171952062100000001.s3.ap-south-1.amazonaws.com",
            "cors_rule": [],
            "force_destroy": true,
            "grant": [
              {
                "id": "fdb743504e0a20827202cfb3787411136f69ad6c4bbebe7e0a50c54523fc3583",
                "permissions": [
                  "FULL_CONTROL"
                ],
                "type": "CanonicalUser",
                "uri": ""
              }
            ],
            "hosted_zone_id": "Z11RGJOFQNVJUP",
            "id": "api20240908171952062100000001",
            "lifecycle_rule": [],
            "logging": [],
            "object_lock_configuration": [],
            "object_lock_enabled": false,
            "policy": "",
            "region": "ap-south-1",
            "replication_configuration": [],
            "request_payer": "BucketOwner",
            "server_side_encryption_configuration": [
              {
                "rule": [
                  {
                    "apply_server_side_encryption_by_default": [
                      {
                        "kms_master_key_id": "",
                        "sse_algorithm": "AES256"
                      }
                    ],
                    "bucket_key_enabled": false
                  }
                ]
              }
            ],
            "tags": null,
            "tags_all": {},
            "timeouts": null,
            "versioning": [
              {
                "enabled": false,
                "mfa_delete": false
              }
            ],
            "website": [],
            "website_domain": null,
            "website_endpoint": null
          },
          "sensitive_attributes": [],
          "private": "eyJlMmJmYjczMC1lY2FhLTExZTYtOGY4OC0zNDM2M2JjN2M0YzAiOnsiY3JlYXRlIjoxMjAwMDAwMDAwMDAwLCJkZWxldGUiOjM2MDAwMDAwMDAwMDAsInJlYWQiOjEyMDAwMDAwMDAwMDAsInVwZGF0ZSI6MTIwMDAwMDAwMDAwMH19",
          "create_before_destroy": true
        }
      ]
    },
    {
      "mode": "managed",
      "type": "aws_s3_object",
      "name": "this",
      "provider": "provider[\"registry.terraform.io/hashicorp/aws\"]",
      "instances": [
        {
          "schema_version": 0,
          "attributes": {
            "acl": null,
            "arn": "arn:aws:s3:::api20240908171952062100000001/index.zip",
            "bucket": "api20240908171952062100000001",
            "bucket_key_enabled": false,
            "cache_control": "",
            "checksum_algorithm": null,
            "checksum_crc32": "",
            "checksum_crc32c": "",
            "checksum_sha1": "",
            "checksum_sha256": "",
            "content": null,
            "content_base64": null,
            "content_disposition": "",
            "content_encoding": "",
            "content_language": "",
            "content_type": "application/octet-stream",
            "etag": "573d5fd798113370b02d79157793750f",
            "force_destroy": false,
            "id": "index.zip",
            "key": "index.zip",
            "kms_key_id": null,
            "metadata": null,
            "object_lock_legal_hold_status": "",
            "object_lock_mode": "",
            "object_lock_retain_until_date": "",
            "override_provider": [],
            "server_side_encryption": "AES256",
            "source": "index.zip",
            "source_hash": null,
            "storage_class": "STANDARD",
            "tags": null,
            "tags_all": {},
            "version_id": "",
            "website_redirect": ""
          },
          "sensitive_attributes": [],
          "private": "bnVsbA==",
          "dependencies": [
            "aws_s3_bucket.lambda_bucket",
            "data.archive_file.lambda_package"
          ],
          "create_before_destroy": true
        }
      ]
    },
    {
      "mode": "managed",
      "type": "random_string",
      "name": "random",
      "provider": "provider[\"registry.terraform.io/hashicorp/random\"]",
      "instances": [
        {
          "schema_version": 2,
          "attributes": {
            "id": "UeTn",
            "keepers": null,
            "length": 4,
            "lower": true,
            "min_lower": 0,
            "min_numeric": 0,
            "min_special": 0,
            "min_upper": 0,
            "number": true,
            "numeric": true,
            "override_special": null,
            "result": "UeTn",
            "special": false,
            "upper": true
          },
          "sensitive_attributes": [],
          "create_before_destroy": true
        }
      ]
    }
  ]
}
